{
  "version": 4,
  "terraform_version": "1.3.4",
  "serial": 275,
  "lineage": "980cc399-b411-7484-7a20-3462b7f0dec6",
  "outputs": {
    "bucket_endpoint": {
      "value": "website-frequently-promptly-viable-seagull",
      "type": "string"
    },
    "url": {
      "value": "https://website-frequently-promptly-viable-seagull.s3.ap-south-1.amazonaws.com/index.html?X-Amz-Algorithm=AWS4-HMAC-SHA256\u0026X-Amz-Credential=virendra.singh-at-948732599397%2F20230402%2Fap-south-1%2Fs3%2Faws4_request\u0026X-Amz-Date=20230402T184017Z\u0026X-Amz-Expires=3600\u0026X-Amz-SignedHeaders=host\u0026X-Amz-Signature=6b7ebdbfdad8fe485a80055aea8f4f96acdd953592dca910eb1fc510c37d005f",
      "type": "string"
    }
  },
  "resources": [
    {
      "mode": "data",
      "type": "local_file",
      "name": "url",
      "provider": "provider[\"registry.terraform.io/hashicorp/local\"]",
      "instances": [
        {
          "schema_version": 0,
          "attributes": {
            "content": "https://website-frequently-promptly-viable-seagull.s3.ap-south-1.amazonaws.com/index.html?X-Amz-Algorithm=AWS4-HMAC-SHA256\u0026X-Amz-Credential=virendra.singh-at-948732599397%2F20230402%2Fap-south-1%2Fs3%2Faws4_request\u0026X-Amz-Date=20230402T184017Z\u0026X-Amz-Expires=3600\u0026X-Amz-SignedHeaders=host\u0026X-Amz-Signature=6b7ebdbfdad8fe485a80055aea8f4f96acdd953592dca910eb1fc510c37d005f",
            "content_base64": "aHR0cHM6Ly93ZWJzaXRlLWZyZXF1ZW50bHktcHJvbXB0bHktdmlhYmxlLXNlYWd1bGwuczMuYXAtc291dGgtMS5hbWF6b25hd3MuY29tL2luZGV4Lmh0bWw/WC1BbXotQWxnb3JpdGhtPUFXUzQtSE1BQy1TSEEyNTYmWC1BbXotQ3JlZGVudGlhbD12aXJlbmRyYS5zaW5naC1hdC05NDg3MzI1OTkzOTclMkYyMDIzMDQwMiUyRmFwLXNvdXRoLTElMkZzMyUyRmF3czRfcmVxdWVzdCZYLUFtei1EYXRlPTIwMjMwNDAyVDE4NDAxN1omWC1BbXotRXhwaXJlcz0zNjAwJlgtQW16LVNpZ25lZEhlYWRlcnM9aG9zdCZYLUFtei1TaWduYXR1cmU9NmI3ZWJkYmZkYWQ4ZmU0ODVhODAwNTVhZWE4ZjRmOTZhY2RkOTUzNTkyZGNhOTEwZWIxZmM1MTBjMzdkMDA1Zg==",
            "content_base64sha256": "6iUBtlcVGNp27fEXsX9adbpCw/qcjqB/6+g9Je9PMAc=",
            "content_base64sha512": "fw6qATyUL8V6PpASmYYSBgMCJwu2cdiH8bNOoEvJ/tZay9FvMW//80mPtxiX1OGze5+rG78P8P5hrYGVTna0Vg==",
            "content_md5": "8f0cf26833b33456a543e688278fe98a",
            "content_sha1": "37587afcd9bae27269aa0ceb7acbfcf033573161",
            "content_sha256": "ea2501b6571518da76edf117b17f5a75ba42c3fa9c8ea07febe83d25ef4f3007",
            "content_sha512": "7f0eaa013c942fc57a3e9012998612060302270bb671d887f1b34ea04bc9fed65acbd16f316ffff3498fb71897d4e1b37b9fab1bbf0ff0fe61ad81954e76b456",
            "filename": "./url",
            "id": "37587afcd9bae27269aa0ceb7acbfcf033573161"
          },
          "sensitive_attributes": []
        }
      ]
    },
    {
      "mode": "managed",
      "type": "aws_s3_bucket",
      "name": "dynamic_bucket",
      "provider": "provider[\"registry.terraform.io/hashicorp/aws\"]",
      "instances": [
        {
          "schema_version": 0,
          "attributes": {
            "acceleration_status": "",
            "acl": null,
            "arn": "arn:aws:s3:::website-frequently-promptly-viable-seagull",
            "bucket": "website-frequently-promptly-viable-seagull",
            "bucket_domain_name": "website-frequently-promptly-viable-seagull.s3.amazonaws.com",
            "bucket_prefix": null,
            "bucket_regional_domain_name": "website-frequently-promptly-viable-seagull.s3.amazonaws.com",
            "cors_rule": [],
            "force_destroy": false,
            "grant": [
              {
                "id": "b81275709a0231abcd007a7335a971f972094f15a3ba976f3e2ce24816427c1c",
                "permissions": [
                  "FULL_CONTROL"
                ],
                "type": "CanonicalUser",
                "uri": ""
              }
            ],
            "hosted_zone_id": "Z3AQBSTGFYJSTF",
            "id": "website-frequently-promptly-viable-seagull",
            "lifecycle_rule": [],
            "logging": [],
            "object_lock_configuration": [],
            "object_lock_enabled": false,
            "policy": "",
            "region": "us-east-1",
            "replication_configuration": [],
            "request_payer": "BucketOwner",
            "server_side_encryption_configuration": [
              {
                "rule": [
                  {
                    "apply_server_side_encryption_by_default": [
                      {
                        "kms_master_key_id": "",
                        "sse_algorithm": "AES256"
                      }
                    ],
                    "bucket_key_enabled": false
                  }
                ]
              }
            ],
            "tags": {
              "Department": "Marketing"
            },
            "tags_all": {
              "Department": "Marketing"
            },
            "versioning": [
              {
                "enabled": false,
                "mfa_delete": false
              }
            ],
            "website": [],
            "website_domain": null,
            "website_endpoint": null
          },
          "sensitive_attributes": [],
          "private": "bnVsbA==",
          "dependencies": [
            "random_pet.s3_bucket_name"
          ]
        }
      ]
    },
    {
      "mode": "managed",
      "type": "aws_s3_bucket_acl",
      "name": "bucket_acl",
      "provider": "provider[\"registry.terraform.io/hashicorp/aws\"]",
      "instances": [
        {
          "schema_version": 0,
          "attributes": {
            "access_control_policy": [
              {
                "grant": [
                  {
                    "grantee": [
                      {
                        "display_name": "",
                        "email_address": "",
                        "id": "",
                        "type": "Group",
                        "uri": "http://acs.amazonaws.com/groups/global/AllUsers"
                      }
                    ],
                    "permission": "READ"
                  },
                  {
                    "grantee": [
                      {
                        "display_name": "lab+LabServices-Prod-3112",
                        "email_address": "",
                        "id": "b81275709a0231abcd007a7335a971f972094f15a3ba976f3e2ce24816427c1c",
                        "type": "CanonicalUser",
                        "uri": ""
                      }
                    ],
                    "permission": "FULL_CONTROL"
                  }
                ],
                "owner": [
                  {
                    "display_name": "lab+LabServices-Prod-3112",
                    "id": "b81275709a0231abcd007a7335a971f972094f15a3ba976f3e2ce24816427c1c"
                  }
                ]
              }
            ],
            "acl": "public-read",
            "bucket": "website-frequently-promptly-viable-seagull",
            "expected_bucket_owner": "",
            "id": "website-frequently-promptly-viable-seagull,public-read"
          },
          "sensitive_attributes": [],
          "private": "bnVsbA==",
          "dependencies": [
            "aws_s3_bucket.dynamic_bucket",
            "random_pet.s3_bucket_name"
          ]
        }
      ]
    },
    {
      "mode": "managed",
      "type": "aws_s3_bucket_public_access_block",
      "name": "bucket_pub_access",
      "provider": "provider[\"registry.terraform.io/hashicorp/aws\"]",
      "instances": [
        {
          "schema_version": 0,
          "attributes": {
            "block_public_acls": false,
            "block_public_policy": false,
            "bucket": "website-frequently-promptly-viable-seagull",
            "id": "website-frequently-promptly-viable-seagull",
            "ignore_public_acls": false,
            "restrict_public_buckets": false
          },
          "sensitive_attributes": [],
          "private": "bnVsbA==",
          "dependencies": [
            "aws_s3_bucket.dynamic_bucket",
            "random_pet.s3_bucket_name"
          ]
        }
      ]
    },
    {
      "mode": "managed",
      "type": "aws_s3_bucket_versioning",
      "name": "bucket_versioning",
      "provider": "provider[\"registry.terraform.io/hashicorp/aws\"]",
      "instances": [
        {
          "schema_version": 0,
          "attributes": {
            "bucket": "website-frequently-promptly-viable-seagull",
            "expected_bucket_owner": "",
            "id": "website-frequently-promptly-viable-seagull",
            "mfa": null,
            "versioning_configuration": [
              {
                "mfa_delete": "",
                "status": "Enabled"
              }
            ]
          },
          "sensitive_attributes": [],
          "private": "bnVsbA==",
          "dependencies": [
            "aws_s3_bucket.dynamic_bucket",
            "random_pet.s3_bucket_name"
          ]
        }
      ]
    },
    {
      "mode": "managed",
      "type": "aws_s3_bucket_website_configuration",
      "name": "bucket_website",
      "provider": "provider[\"registry.terraform.io/hashicorp/aws\"]",
      "instances": [
        {
          "schema_version": 0,
          "attributes": {
            "bucket": "website-frequently-promptly-viable-seagull",
            "error_document": [
              {
                "key": "error.html"
              }
            ],
            "expected_bucket_owner": "",
            "id": "website-frequently-promptly-viable-seagull",
            "index_document": [
              {
                "suffix": "index.html"
              }
            ],
            "redirect_all_requests_to": [],
            "routing_rule": [],
            "routing_rules": "",
            "website_domain": "s3-website-us-east-1.amazonaws.com",
            "website_endpoint": "website-frequently-promptly-viable-seagull.s3-website-us-east-1.amazonaws.com"
          },
          "sensitive_attributes": [],
          "private": "bnVsbA==",
          "dependencies": [
            "aws_s3_bucket.dynamic_bucket",
            "random_pet.s3_bucket_name"
          ]
        }
      ]
    },
    {
      "mode": "managed",
      "type": "aws_s3_object",
      "name": "bucket_upload",
      "provider": "provider[\"registry.terraform.io/hashicorp/aws\"]",
      "instances": [
        {
          "index_key": "index.html",
          "schema_version": 0,
          "attributes": {
            "acl": "public-read",
            "bucket": "website-frequently-promptly-viable-seagull",
            "bucket_key_enabled": false,
            "cache_control": "",
            "content": null,
            "content_base64": null,
            "content_disposition": "",
            "content_encoding": "",
            "content_language": "",
            "content_type": "binary/octet-stream",
            "etag": "5f2477c56d1c41fb82fc636e3bc7c6cf",
            "force_destroy": false,
            "id": "index.html",
            "key": "index.html",
            "kms_key_id": null,
            "metadata": null,
            "object_lock_legal_hold_status": "",
            "object_lock_mode": "",
            "object_lock_retain_until_date": "",
            "server_side_encryption": "AES256",
            "source": "./upload/index.html",
            "source_hash": null,
            "storage_class": "STANDARD",
            "tags": null,
            "tags_all": {},
            "version_id": "Sct2NwnLLEATgmu2yevn95BZ64RGJvJY",
            "website_redirect": ""
          },
          "sensitive_attributes": [],
          "private": "bnVsbA==",
          "dependencies": [
            "aws_s3_bucket.dynamic_bucket",
            "random_pet.s3_bucket_name"
          ]
        },
        {
          "index_key": "script.js",
          "schema_version": 0,
          "attributes": {
            "acl": "public-read",
            "bucket": "website-frequently-promptly-viable-seagull",
            "bucket_key_enabled": false,
            "cache_control": "",
            "content": null,
            "content_base64": null,
            "content_disposition": "",
            "content_encoding": "",
            "content_language": "",
            "content_type": "binary/octet-stream",
            "etag": "5d95e85fc5aa51a7beff158997e24a16",
            "force_destroy": false,
            "id": "script.js",
            "key": "script.js",
            "kms_key_id": null,
            "metadata": null,
            "object_lock_legal_hold_status": "",
            "object_lock_mode": "",
            "object_lock_retain_until_date": "",
            "server_side_encryption": "AES256",
            "source": "./upload/script.js",
            "source_hash": null,
            "storage_class": "STANDARD",
            "tags": null,
            "tags_all": {},
            "version_id": "uh4y.7_oCkMWNgcOMxRqFpYDWcdKFMuD",
            "website_redirect": ""
          },
          "sensitive_attributes": [],
          "private": "bnVsbA==",
          "dependencies": [
            "aws_s3_bucket.dynamic_bucket",
            "random_pet.s3_bucket_name"
          ]
        },
        {
          "index_key": "style.css",
          "schema_version": 0,
          "attributes": {
            "acl": "public-read",
            "bucket": "website-frequently-promptly-viable-seagull",
            "bucket_key_enabled": false,
            "cache_control": "",
            "content": null,
            "content_base64": null,
            "content_disposition": "",
            "content_encoding": "",
            "content_language": "",
            "content_type": "binary/octet-stream",
            "etag": "3aea001392a5bab2e9fd4d10cc5e6980",
            "force_destroy": false,
            "id": "style.css",
            "key": "style.css",
            "kms_key_id": null,
            "metadata": null,
            "object_lock_legal_hold_status": "",
            "object_lock_mode": "",
            "object_lock_retain_until_date": "",
            "server_side_encryption": "AES256",
            "source": "./upload/style.css",
            "source_hash": null,
            "storage_class": "STANDARD",
            "tags": null,
            "tags_all": {},
            "version_id": "JWnPDhYpt6hivIycxTurWA7cE_1Ircyv",
            "website_redirect": ""
          },
          "sensitive_attributes": [],
          "private": "bnVsbA==",
          "dependencies": [
            "aws_s3_bucket.dynamic_bucket",
            "random_pet.s3_bucket_name"
          ]
        }
      ]
    },
    {
      "mode": "managed",
      "type": "null_resource",
      "name": "url",
      "provider": "provider[\"registry.terraform.io/hashicorp/null\"]",
      "instances": [
        {
          "schema_version": 0,
          "attributes": {
            "id": "1904613347496276508",
            "triggers": {
              "build_number": "2023-04-02T18:40:16Z"
            }
          },
          "sensitive_attributes": [],
          "dependencies": [
            "aws_s3_bucket.dynamic_bucket",
            "random_pet.s3_bucket_name"
          ]
        }
      ]
    },
    {
      "mode": "managed",
      "type": "random_pet",
      "name": "s3_bucket_name",
      "provider": "provider[\"registry.terraform.io/hashicorp/random\"]",
      "instances": [
        {
          "schema_version": 0,
          "attributes": {
            "id": "website-frequently-promptly-viable-seagull",
            "keepers": null,
            "length": 4,
            "prefix": "website",
            "separator": "-"
          },
          "sensitive_attributes": [],
          "private": "bnVsbA=="
        }
      ]
    }
  ],
  "check_results": null
}
